
Microsoft Visual Studio Solution File, Format Version 12.00
# Visual Studio 2012
Project("{FAE04EC0-301F-11D3-BF4B-00C04F79EFBC}") = "Xpartans.IFP", "Xpartans.IFP\Xpartans.IFP.csproj", "{B77AC754-942C-4A3C-A099-0D3FE3E482C2}"
EndProject
Project("{FAE04EC0-301F-11D3-BF4B-00C04F79EFBC}") = "Xpartans.IFP.Model", "Xpartans.IFP.Model\Xpartans.IFP.Model.csproj", "{F327259E-69F9-42B3-AD1A-686FA577D7B3}"
EndProject
Project("{FAE04EC0-301F-11D3-BF4B-00C04F79EFBC}") = "Xpartans.IFP.Business", "Xpartans.IFP.Business\Xpartans.IFP.Business.csproj", "{E87686A7-A2A5-4D9A-9600-4DC5C6013D1F}"
EndProject
Project("{FAE04EC0-301F-11D3-BF4B-00C04F79EFBC}") = "Xpartans.IFP.Test", "Xpartans.IFP.Test\Xpartans.IFP.Test.csproj", "{C14387B8-A284-4DD8-B8F8-A93BC921F125}"
EndProject
Global
	GlobalSection(SolutionConfigurationPlatforms) = preSolution
		Debug|Any CPU = Debug|Any CPU
		Release|Any CPU = Release|Any CPU
	EndGlobalSection
	GlobalSection(ProjectConfigurationPlatforms) = postSolution
		{B77AC754-942C-4A3C-A099-0D3FE3E482C2}.Debug|Any CPU.ActiveCfg = Debug|Any CPU
		{B77AC754-942C-4A3C-A099-0D3FE3E482C2}.Debug|Any CPU.Build.0 = Debug|Any CPU
		{B77AC754-942C-4A3C-A099-0D3FE3E482C2}.Release|Any CPU.ActiveCfg = Release|Any CPU
		{B77AC754-942C-4A3C-A099-0D3FE3E482C2}.Release|Any CPU.Build.0 = Release|Any CPU
		{F327259E-69F9-42B3-AD1A-686FA577D7B3}.Debug|Any CPU.ActiveCfg = Debug|Any CPU
		{F327259E-69F9-42B3-AD1A-686FA577D7B3}.Debug|Any CPU.Build.0 = Debug|Any CPU
		{F327259E-69F9-42B3-AD1A-686FA577D7B3}.Release|Any CPU.ActiveCfg = Release|Any CPU
		{F327259E-69F9-42B3-AD1A-686FA577D7B3}.Release|Any CPU.Build.0 = Release|Any CPU
		{E87686A7-A2A5-4D9A-9600-4DC5C6013D1F}.Debug|Any CPU.ActiveCfg = Debug|Any CPU
		{E87686A7-A2A5-4D9A-9600-4DC5C6013D1F}.Debug|Any CPU.Build.0 = Debug|Any CPU
		{E87686A7-A2A5-4D9A-9600-4DC5C6013D1F}.Release|Any CPU.ActiveCfg = Release|Any CPU
		{E87686A7-A2A5-4D9A-9600-4DC5C6013D1F}.Release|Any CPU.Build.0 = Release|Any CPU
		{C14387B8-A284-4DD8-B8F8-A93BC921F125}.Debug|Any CPU.ActiveCfg = Debug|Any CPU
		{C14387B8-A284-4DD8-B8F8-A93BC921F125}.Debug|Any CPU.Build.0 = Debug|Any CPU
		{C14387B8-A284-4DD8-B8F8-A93BC921F125}.Release|Any CPU.ActiveCfg = Release|Any CPU
		{C14387B8-A284-4DD8-B8F8-A93BC921F125}.Release|Any CPU.Build.0 = Release|Any CPU
	EndGlobalSection
	GlobalSection(SolutionProperties) = preSolution
		HideSolutionNode = FALSE
	EndGlobalSection
EndGlobal
