
Microsoft Visual Studio Solution File, Format Version 12.00
# Visual Studio 2012
Project("{FAE04EC0-301F-11D3-BF4B-00C04F79EFBC}") = "JsonSerializableDemo", "JsonSerializableDemo\JsonSerializableDemo.csproj", "{3164E9E7-1B9A-438A-B37C-0F65099311C9}"
EndProject
Global
	GlobalSection(SolutionConfigurationPlatforms) = preSolution
		Debug|Any CPU = Debug|Any CPU
		Release|Any CPU = Release|Any CPU
	EndGlobalSection
	GlobalSection(ProjectConfigurationPlatforms) = postSolution
		{3164E9E7-1B9A-438A-B37C-0F65099311C9}.Debug|Any CPU.ActiveCfg = Debug|Any CPU
		{3164E9E7-1B9A-438A-B37C-0F65099311C9}.Debug|Any CPU.Build.0 = Debug|Any CPU
		{3164E9E7-1B9A-438A-B37C-0F65099311C9}.Release|Any CPU.ActiveCfg = Release|Any CPU
		{3164E9E7-1B9A-438A-B37C-0F65099311C9}.Release|Any CPU.Build.0 = Release|Any CPU
	EndGlobalSection
	GlobalSection(SolutionProperties) = preSolution
		HideSolutionNode = FALSE
	EndGlobalSection
EndGlobal
